
Microsoft Visual Studio Solution File, Format Version 12.00
# Visual Studio Version 16
VisualStudioVersion = 16.0.31729.503
MinimumVisualStudioVersion = 10.0.40219.1
Project("{FAE04EC0-301F-11D3-BF4B-00C04F79EFBC}") = "Homework 1.4 Task 2", "Homework 1.4 Task 2.csproj", "{A847A104-9413-447E-A5B3-3E789510821E}"
EndProject
Global
	GlobalSection(SolutionConfigurationPlatforms) = preSolution
		Debug|Any CPU = Debug|Any CPU
		Release|Any CPU = Release|Any CPU
	EndGlobalSection
	GlobalSection(ProjectConfigurationPlatforms) = postSolution
		{A847A104-9413-447E-A5B3-3E789510821E}.Debug|Any CPU.ActiveCfg = Debug|Any CPU
		{A847A104-9413-447E-A5B3-3E789510821E}.Debug|Any CPU.Build.0 = Debug|Any CPU
		{A847A104-9413-447E-A5B3-3E789510821E}.Release|Any CPU.ActiveCfg = Release|Any CPU
		{A847A104-9413-447E-A5B3-3E789510821E}.Release|Any CPU.Build.0 = Release|Any CPU
	EndGlobalSection
	GlobalSection(SolutionProperties) = preSolution
		HideSolutionNode = FALSE
	EndGlobalSection
	GlobalSection(ExtensibilityGlobals) = postSolution
		SolutionGuid = {28A34A3C-830B-4DBA-AF82-83DFC0A9778B}
	EndGlobalSection
EndGlobal
